
Microsoft Visual Studio Solution File, Format Version 12.00
# Visual Studio 14
VisualStudioVersion = 14.0.24720.0
MinimumVisualStudioVersion = 10.0.40219.1
Project("{FAE04EC0-301F-11D3-BF4B-00C04F79EFBC}") = "COMP123-S2016-Lesson5", "COMP123-S2016-Lesson5\COMP123-S2016-Lesson5.csproj", "{0B45DB3D-CCD3-46AB-831A-2F997CE6926A}"
EndProject
Project("{FAE04EC0-301F-11D3-BF4B-00C04F79EFBC}") = "PersonProject", "PersonProject\PersonProject.csproj", "{484593A3-80D8-44A7-AAD6-9EA97380F0F9}"
EndProject
Global
	GlobalSection(SolutionConfigurationPlatforms) = preSolution
		Debug|Any CPU = Debug|Any CPU
		Release|Any CPU = Release|Any CPU
	EndGlobalSection
	GlobalSection(ProjectConfigurationPlatforms) = postSolution
		{0B45DB3D-CCD3-46AB-831A-2F997CE6926A}.Debug|Any CPU.ActiveCfg = Debug|Any CPU
		{0B45DB3D-CCD3-46AB-831A-2F997CE6926A}.Debug|Any CPU.Build.0 = Debug|Any CPU
		{0B45DB3D-CCD3-46AB-831A-2F997CE6926A}.Release|Any CPU.ActiveCfg = Release|Any CPU
		{0B45DB3D-CCD3-46AB-831A-2F997CE6926A}.Release|Any CPU.Build.0 = Release|Any CPU
		{484593A3-80D8-44A7-AAD6-9EA97380F0F9}.Debug|Any CPU.ActiveCfg = Debug|Any CPU
		{484593A3-80D8-44A7-AAD6-9EA97380F0F9}.Debug|Any CPU.Build.0 = Debug|Any CPU
		{484593A3-80D8-44A7-AAD6-9EA97380F0F9}.Release|Any CPU.ActiveCfg = Release|Any CPU
		{484593A3-80D8-44A7-AAD6-9EA97380F0F9}.Release|Any CPU.Build.0 = Release|Any CPU
	EndGlobalSection
	GlobalSection(SolutionProperties) = preSolution
		HideSolutionNode = FALSE
	EndGlobalSection
EndGlobal
